
Microsoft Visual Studio Solution File, Format Version 12.00
# Visual Studio 14
VisualStudioVersion = 14.0.23107.0
MinimumVisualStudioVersion = 10.0.40219.1
Project("{FAE04EC0-301F-11D3-BF4B-00C04F79EFBC}") = "OpenGarden", "OpenGarden\OpenGarden.csproj", "{88A694DF-866B-4132-A60C-D7B2D7FDE1CF}"
EndProject
Project("{2150E333-8FDC-42A3-9474-1A3956D46DE8}") = "Solution Items", "Solution Items", "{F6EA9571-5B44-4283-A142-86F0C1B3AD42}"
	ProjectSection(SolutionItems) = preProject
		OpenGarden\data\sounds\ding.wav = OpenGarden\data\sounds\ding.wav
	EndProjectSection
EndProject
Global
	GlobalSection(SolutionConfigurationPlatforms) = preSolution
		Debug|Any CPU = Debug|Any CPU
		Release|Any CPU = Release|Any CPU
	EndGlobalSection
	GlobalSection(ProjectConfigurationPlatforms) = postSolution
		{88A694DF-866B-4132-A60C-D7B2D7FDE1CF}.Debug|Any CPU.ActiveCfg = Debug|Any CPU
		{88A694DF-866B-4132-A60C-D7B2D7FDE1CF}.Debug|Any CPU.Build.0 = Debug|Any CPU
		{88A694DF-866B-4132-A60C-D7B2D7FDE1CF}.Release|Any CPU.ActiveCfg = Release|Any CPU
		{88A694DF-866B-4132-A60C-D7B2D7FDE1CF}.Release|Any CPU.Build.0 = Release|Any CPU
	EndGlobalSection
	GlobalSection(SolutionProperties) = preSolution
		HideSolutionNode = FALSE
	EndGlobalSection
EndGlobal
